
Microsoft Visual Studio Solution File, Format Version 12.00
# Visual Studio Version 17
VisualStudioVersion = 17.0.32014.148
MinimumVisualStudioVersion = 10.0.40219.1
Project("{FAE04EC0-301F-11D3-BF4B-00C04F79EFBC}") = "Reverse Integer", "Reverse Integer\Reverse Integer.csproj", "{09CA6366-A964-4FD6-AC6C-69D8728B0D1C}"
EndProject
Global
	GlobalSection(SolutionConfigurationPlatforms) = preSolution
		Debug|Any CPU = Debug|Any CPU
		Release|Any CPU = Release|Any CPU
	EndGlobalSection
	GlobalSection(ProjectConfigurationPlatforms) = postSolution
		{09CA6366-A964-4FD6-AC6C-69D8728B0D1C}.Debug|Any CPU.ActiveCfg = Debug|Any CPU
		{09CA6366-A964-4FD6-AC6C-69D8728B0D1C}.Debug|Any CPU.Build.0 = Debug|Any CPU
		{09CA6366-A964-4FD6-AC6C-69D8728B0D1C}.Release|Any CPU.ActiveCfg = Release|Any CPU
		{09CA6366-A964-4FD6-AC6C-69D8728B0D1C}.Release|Any CPU.Build.0 = Release|Any CPU
	EndGlobalSection
	GlobalSection(SolutionProperties) = preSolution
		HideSolutionNode = FALSE
	EndGlobalSection
	GlobalSection(ExtensibilityGlobals) = postSolution
		SolutionGuid = {66379CF5-76A1-41A0-AF33-22C742F578B2}
	EndGlobalSection
EndGlobal
