
Microsoft Visual Studio Solution File, Format Version 12.00
# Visual Studio Version 17
VisualStudioVersion = 17.2.32516.85
MinimumVisualStudioVersion = 10.0.40219.1
Project("{FAE04EC0-301F-11D3-BF4B-00C04F79EFBC}") = "Longest Valid Parentheses", "Longest Valid Parentheses\Longest Valid Parentheses.csproj", "{780D595C-5089-4318-BC67-2DC577700670}"
EndProject
Global
	GlobalSection(SolutionConfigurationPlatforms) = preSolution
		Debug|Any CPU = Debug|Any CPU
		Release|Any CPU = Release|Any CPU
	EndGlobalSection
	GlobalSection(ProjectConfigurationPlatforms) = postSolution
		{780D595C-5089-4318-BC67-2DC577700670}.Debug|Any CPU.ActiveCfg = Debug|Any CPU
		{780D595C-5089-4318-BC67-2DC577700670}.Debug|Any CPU.Build.0 = Debug|Any CPU
		{780D595C-5089-4318-BC67-2DC577700670}.Release|Any CPU.ActiveCfg = Release|Any CPU
		{780D595C-5089-4318-BC67-2DC577700670}.Release|Any CPU.Build.0 = Release|Any CPU
	EndGlobalSection
	GlobalSection(SolutionProperties) = preSolution
		HideSolutionNode = FALSE
	EndGlobalSection
	GlobalSection(ExtensibilityGlobals) = postSolution
		SolutionGuid = {27F0BF1C-3821-4603-B01E-BA9BD9BB741F}
	EndGlobalSection
EndGlobal
