
Microsoft Visual Studio Solution File, Format Version 12.00
# Visual Studio Version 17
VisualStudioVersion = 17.2.32516.85
MinimumVisualStudioVersion = 10.0.40219.1
Project("{FAE04EC0-301F-11D3-BF4B-00C04F79EFBC}") = "Roman to Integer", "Roman to Integer\Roman to Integer.csproj", "{CE8720E4-FAD0-446C-AE0A-07F24D942A8B}"
EndProject
Global
	GlobalSection(SolutionConfigurationPlatforms) = preSolution
		Debug|Any CPU = Debug|Any CPU
		Release|Any CPU = Release|Any CPU
	EndGlobalSection
	GlobalSection(ProjectConfigurationPlatforms) = postSolution
		{CE8720E4-FAD0-446C-AE0A-07F24D942A8B}.Debug|Any CPU.ActiveCfg = Debug|Any CPU
		{CE8720E4-FAD0-446C-AE0A-07F24D942A8B}.Debug|Any CPU.Build.0 = Debug|Any CPU
		{CE8720E4-FAD0-446C-AE0A-07F24D942A8B}.Release|Any CPU.ActiveCfg = Release|Any CPU
		{CE8720E4-FAD0-446C-AE0A-07F24D942A8B}.Release|Any CPU.Build.0 = Release|Any CPU
	EndGlobalSection
	GlobalSection(SolutionProperties) = preSolution
		HideSolutionNode = FALSE
	EndGlobalSection
	GlobalSection(ExtensibilityGlobals) = postSolution
		SolutionGuid = {E8FAF14B-1406-4C07-94B2-E8825213EC49}
	EndGlobalSection
EndGlobal
