
Microsoft Visual Studio Solution File, Format Version 12.00
# Visual Studio Version 17
VisualStudioVersion = 17.0.32014.148
MinimumVisualStudioVersion = 10.0.40219.1
Project("{FAE04EC0-301F-11D3-BF4B-00C04F79EFBC}") = "Longest Substring Repeating Characters", "Longest Substring Repeating Characters\Longest Substring Repeating Characters.csproj", "{605C9B7C-2AE5-4573-A47E-603138F21209}"
EndProject
Global
	GlobalSection(SolutionConfigurationPlatforms) = preSolution
		Debug|Any CPU = Debug|Any CPU
		Release|Any CPU = Release|Any CPU
	EndGlobalSection
	GlobalSection(ProjectConfigurationPlatforms) = postSolution
		{605C9B7C-2AE5-4573-A47E-603138F21209}.Debug|Any CPU.ActiveCfg = Debug|Any CPU
		{605C9B7C-2AE5-4573-A47E-603138F21209}.Debug|Any CPU.Build.0 = Debug|Any CPU
		{605C9B7C-2AE5-4573-A47E-603138F21209}.Release|Any CPU.ActiveCfg = Release|Any CPU
		{605C9B7C-2AE5-4573-A47E-603138F21209}.Release|Any CPU.Build.0 = Release|Any CPU
	EndGlobalSection
	GlobalSection(SolutionProperties) = preSolution
		HideSolutionNode = FALSE
	EndGlobalSection
	GlobalSection(ExtensibilityGlobals) = postSolution
		SolutionGuid = {AB0B21AB-4A8F-4F02-9388-0A66C8312277}
	EndGlobalSection
EndGlobal
